
Microsoft Visual Studio Solution File, Format Version 12.00
# Visual Studio Version 16
VisualStudioVersion = 16.0.33801.447
MinimumVisualStudioVersion = 10.0.40219.1
Project("{8BC9CEB8-8B4A-11D0-8D11-00A0C91BC942}") = "2023.8.7", "2023.8.7\2023.8.7.vcxproj", "{BD33222F-E6D9-486E-AE42-950B99D5865C}"
EndProject
Global
	GlobalSection(SolutionConfigurationPlatforms) = preSolution
		Debug|x64 = Debug|x64
		Debug|x86 = Debug|x86
		Release|x64 = Release|x64
		Release|x86 = Release|x86
	EndGlobalSection
	GlobalSection(ProjectConfigurationPlatforms) = postSolution
		{BD33222F-E6D9-486E-AE42-950B99D5865C}.Debug|x64.ActiveCfg = Debug|x64
		{BD33222F-E6D9-486E-AE42-950B99D5865C}.Debug|x64.Build.0 = Debug|x64
		{BD33222F-E6D9-486E-AE42-950B99D5865C}.Debug|x86.ActiveCfg = Debug|Win32
		{BD33222F-E6D9-486E-AE42-950B99D5865C}.Debug|x86.Build.0 = Debug|Win32
		{BD33222F-E6D9-486E-AE42-950B99D5865C}.Release|x64.ActiveCfg = Release|x64
		{BD33222F-E6D9-486E-AE42-950B99D5865C}.Release|x64.Build.0 = Release|x64
		{BD33222F-E6D9-486E-AE42-950B99D5865C}.Release|x86.ActiveCfg = Release|Win32
		{BD33222F-E6D9-486E-AE42-950B99D5865C}.Release|x86.Build.0 = Release|Win32
	EndGlobalSection
	GlobalSection(SolutionProperties) = preSolution
		HideSolutionNode = FALSE
	EndGlobalSection
	GlobalSection(ExtensibilityGlobals) = postSolution
		SolutionGuid = {539A80AF-9C6A-4658-90E7-CE73674D36FD}
	EndGlobalSection
EndGlobal
