
Microsoft Visual Studio Solution File, Format Version 12.00
# Visual Studio Version 16
VisualStudioVersion = 16.0.34114.132
MinimumVisualStudioVersion = 10.0.40219.1
Project("{8BC9CEB8-8B4A-11D0-8D11-00A0C91BC942}") = "homeworkDemo1", "homeworkDemo1\homeworkDemo1.vcxproj", "{7B791BFE-79D3-47BA-984E-E24ACF787FC8}"
EndProject
Global
	GlobalSection(SolutionConfigurationPlatforms) = preSolution
		Debug|x64 = Debug|x64
		Debug|x86 = Debug|x86
		Release|x64 = Release|x64
		Release|x86 = Release|x86
	EndGlobalSection
	GlobalSection(ProjectConfigurationPlatforms) = postSolution
		{7B791BFE-79D3-47BA-984E-E24ACF787FC8}.Debug|x64.ActiveCfg = Debug|x64
		{7B791BFE-79D3-47BA-984E-E24ACF787FC8}.Debug|x64.Build.0 = Debug|x64
		{7B791BFE-79D3-47BA-984E-E24ACF787FC8}.Debug|x86.ActiveCfg = Debug|Win32
		{7B791BFE-79D3-47BA-984E-E24ACF787FC8}.Debug|x86.Build.0 = Debug|Win32
		{7B791BFE-79D3-47BA-984E-E24ACF787FC8}.Release|x64.ActiveCfg = Release|x64
		{7B791BFE-79D3-47BA-984E-E24ACF787FC8}.Release|x64.Build.0 = Release|x64
		{7B791BFE-79D3-47BA-984E-E24ACF787FC8}.Release|x86.ActiveCfg = Release|Win32
		{7B791BFE-79D3-47BA-984E-E24ACF787FC8}.Release|x86.Build.0 = Release|Win32
	EndGlobalSection
	GlobalSection(SolutionProperties) = preSolution
		HideSolutionNode = FALSE
	EndGlobalSection
	GlobalSection(ExtensibilityGlobals) = postSolution
		SolutionGuid = {524056EA-702E-4CBF-BECF-030E2BD5EB45}
	EndGlobalSection
EndGlobal
