
Microsoft Visual Studio Solution File, Format Version 12.00
# Visual Studio Version 16
VisualStudioVersion = 16.0.34114.132
MinimumVisualStudioVersion = 10.0.40219.1
Project("{8BC9CEB8-8B4A-11D0-8D11-00A0C91BC942}") = "DateStructTest7", "DateStructTest7\DateStructTest7.vcxproj", "{B7B05F6E-A3D6-488C-9970-2A6FF3892FDE}"
EndProject
Global
	GlobalSection(SolutionConfigurationPlatforms) = preSolution
		Debug|x64 = Debug|x64
		Debug|x86 = Debug|x86
		Release|x64 = Release|x64
		Release|x86 = Release|x86
	EndGlobalSection
	GlobalSection(ProjectConfigurationPlatforms) = postSolution
		{B7B05F6E-A3D6-488C-9970-2A6FF3892FDE}.Debug|x64.ActiveCfg = Debug|x64
		{B7B05F6E-A3D6-488C-9970-2A6FF3892FDE}.Debug|x64.Build.0 = Debug|x64
		{B7B05F6E-A3D6-488C-9970-2A6FF3892FDE}.Debug|x86.ActiveCfg = Debug|Win32
		{B7B05F6E-A3D6-488C-9970-2A6FF3892FDE}.Debug|x86.Build.0 = Debug|Win32
		{B7B05F6E-A3D6-488C-9970-2A6FF3892FDE}.Release|x64.ActiveCfg = Release|x64
		{B7B05F6E-A3D6-488C-9970-2A6FF3892FDE}.Release|x64.Build.0 = Release|x64
		{B7B05F6E-A3D6-488C-9970-2A6FF3892FDE}.Release|x86.ActiveCfg = Release|Win32
		{B7B05F6E-A3D6-488C-9970-2A6FF3892FDE}.Release|x86.Build.0 = Release|Win32
	EndGlobalSection
	GlobalSection(SolutionProperties) = preSolution
		HideSolutionNode = FALSE
	EndGlobalSection
	GlobalSection(ExtensibilityGlobals) = postSolution
		SolutionGuid = {CEE4CE55-6435-48CC-90F7-E0D7332941B9}
	EndGlobalSection
EndGlobal
